PODS:
  - JoyConSwift (0.2.1)
  - Sparkle (2.9.2)

DEPENDENCIES:
  - JoyConSwift (= 0.2.1)
  - Sparkle (~> 2.6)

SPEC REPOS:
  trunk:
    - JoyConSwift
    - Sparkle

SPEC CHECKSUMS:
  JoyConSwift: a8025cc234394cbc38fc1b48cfe1de8de6f66551
  Sparkle: 2d0c930d42d53ee0fdf98bbb342c08eaf18ab5f0

PODFILE CHECKSUM: 9552318bc6adac624c60188c09e7390071a89a5d

COCOAPODS: 1.16.2
